// !$*UTF8*$!
{
	archiveVersion = 1;
	classes = {
	};
	objectVersion = 51;
	objects = {

/* Begin PBXBuildFile section */
		45F6453801A8AD6989ED36F1 /* Pods_SAAMClient.framework in Frameworks */ = {isa = PBXBuildFile; fileRef = 9F80CB7AB3A853F34FED9C3A /* Pods_SAAMClient.framework */; };
		C640AECC24007833005BAEFE /* LoginViewController.swift in Sources */ = {isa = PBXBuildFile; fileRef = C640AECB24007833005BAEFE /* LoginViewController.swift */; };
		C640AECE2400784D005BAEFE /* ProfileViewController.swift in Sources */ = {isa = PBXBuildFile; fileRef = C640AECD2400784D005BAEFE /* ProfileViewController.swift */; };
		C640AED024021CDB005BAEFE /* Profile.swift in Sources */ = {isa = PBXBuildFile; fileRef = C640AECF24021CDB005BAEFE /* Profile.swift */; };
		C640AED224022FBC005BAEFE /* GoogleService-Info.plist in Resources */ = {isa = PBXBuildFile; fileRef = C640AED124022FBC005BAEFE /* GoogleService-Info.plist */; };
		C640AED324022FBC005BAEFE /* GoogleService-Info.plist in Resources */ = {isa = PBXBuildFile; fileRef = C640AED124022FBC005BAEFE /* GoogleService-Info.plist */; };
		C640AED424022FBC005BAEFE /* GoogleService-Info.plist in Resources */ = {isa = PBXBuildFile; fileRef = C640AED124022FBC005BAEFE /* GoogleService-Info.plist */; };
		C6580011240CCFF200BC7FF9 /* PDFPreviewViewController.swift in Sources */ = {isa = PBXBuildFile; fileRef = C658000F240CCFF200BC7FF9 /* PDFPreviewViewController.swift */; };
		C6580012240CCFF200BC7FF9 /* PDFCreator.swift in Sources */ = {isa = PBXBuildFile; fileRef = C6580010240CCFF200BC7FF9 /* PDFCreator.swift */; };
		C8300CFF241E0226000C5FF7 /* GoBackViewController.swift in Sources */ = {isa = PBXBuildFile; fileRef = C8300CFE241E0226000C5FF7 /* GoBackViewController.swift */; };
		C85B143D241F300E00C55C6C /* CollectionViewCell.swift in Sources */ = {isa = PBXBuildFile; fileRef = C85B143C241F300E00C55C6C /* CollectionViewCell.swift */; };
		C8664600240B1164006C6BE3 /* ElevenChoicesViewController.swift in Sources */ = {isa = PBXBuildFile; fileRef = C86645FF240B1164006C6BE3 /* ElevenChoicesViewController.swift */; };
		C88BE39624072A8B007E554E /* InitViewController.swift in Sources */ = {isa = PBXBuildFile; fileRef = C88BE39524072A8B007E554E /* InitViewController.swift */; };
		C88BE398240759A1007E554E /* QuestionGenerator.swift in Sources */ = {isa = PBXBuildFile; fileRef = C88BE397240759A1007E554E /* QuestionGenerator.swift */; };
		C88BE39A24076295007E554E /* MTQuestionViewController.swift in Sources */ = {isa = PBXBuildFile; fileRef = C88BE39924076295007E554E /* MTQuestionViewController.swift */; };
		C88BE39E240777CF007E554E /* TenChoicesViewController.swift in Sources */ = {isa = PBXBuildFile; fileRef = C88BE39D240777CF007E554E /* TenChoicesViewController.swift */; };
		C88BE3A224085A70007E554E /* InputQuestionViewController.swift in Sources */ = {isa = PBXBuildFile; fileRef = C88BE3A124085A70007E554E /* InputQuestionViewController.swift */; };
		C88BE3A424088C9E007E554E /* MTSelectionViewController.swift in Sources */ = {isa = PBXBuildFile; fileRef = C88BE3A324088C9E007E554E /* MTSelectionViewController.swift */; };
		C88BE3A82409F811007E554E /* ResultViewController.swift in Sources */ = {isa = PBXBuildFile; fileRef = C88BE3A72409F811007E554E /* ResultViewController.swift */; };
		C8B67B33240D4B1D009CEFA2 /* ReportsIndexViewController.swift in Sources */ = {isa = PBXBuildFile; fileRef = C8B67B32240D4B1D009CEFA2 /* ReportsIndexViewController.swift */; };
		C8B67B35240D5C1C009CEFA2 /* SummaryViewController.swift in Sources */ = {isa = PBXBuildFile; fileRef = C8B67B34240D5C1C009CEFA2 /* SummaryViewController.swift */; };
		C8B744E82400611A00190923 /* AppDelegate.swift in Sources */ = {isa = PBXBuildFile; fileRef = C8B744E72400611A00190923 /* AppDelegate.swift */; };
		C8B744EA2400611A00190923 /* SceneDelegate.swift in Sources */ = {isa = PBXBuildFile; fileRef = C8B744E92400611A00190923 /* SceneDelegate.swift */; };
		C8B744EF2400611A00190923 /* Main.storyboard in Resources */ = {isa = PBXBuildFile; fileRef = C8B744ED2400611A00190923 /* Main.storyboard */; };
		C8B744F12400611B00190923 /* Assets.xcassets in Resources */ = {isa = PBXBuildFile; fileRef = C8B744F02400611B00190923 /* Assets.xcassets */; };
		C8B744F42400611B00190923 /* LaunchScreen.storyboard in Resources */ = {isa = PBXBuildFile; fileRef = C8B744F22400611B00190923 /* LaunchScreen.storyboard */; };
		C8B744FF2400611B00190923 /* SAAMClientTests.swift in Sources */ = {isa = PBXBuildFile; fileRef = C8B744FE2400611B00190923 /* SAAMClientTests.swift */; };
		C8B7450A2400611B00190923 /* SAAMClientUITests.swift in Sources */ = {isa = PBXBuildFile; fileRef = C8B745092400611B00190923 /* SAAMClientUITests.swift */; };
/* End PBXBuildFile section */

/* Begin PBXContainerItemProxy section */
		C8B744FB2400611B00190923 /* PBXContainerItemProxy */ = {
			isa = PBXContainerItemProxy;
			containerPortal = C8B744DC2400611A00190923 /* Project object */;
			proxyType = 1;
			remoteGlobalIDString = C8B744E32400611A00190923;
			remoteInfo = SAAMClient;
		};
		C8B745062400611B00190923 /* PBXContainerItemProxy */ = {
			isa = PBXContainerItemProxy;
			containerPortal = C8B744DC2400611A00190923 /* Project object */;
			proxyType = 1;
			remoteGlobalIDString = C8B744E32400611A00190923;
			remoteInfo = SAAMClient;
		};
/* End PBXContainerItemProxy section */

/* Begin PBXFileReference section */
		31872FC2AD334F3C93901B8F /* Pods-SAAMClient.debug.xcconfig */ = {isa = PBXFileReference; includeInIndex = 1; lastKnownFileType = text.xcconfig; name = "Pods-SAAMClient.debug.xcconfig"; path = "Target Support Files/Pods-SAAMClient/Pods-SAAMClient.debug.xcconfig"; sourceTree = "<group>"; };
		69BF3C7F581D69826D407E60 /* Pods-SAAMClient.release.xcconfig */ = {isa = PBXFileReference; includeInIndex = 1; lastKnownFileType = text.xcconfig; name = "Pods-SAAMClient.release.xcconfig"; path = "Target Support Files/Pods-SAAMClient/Pods-SAAMClient.release.xcconfig"; sourceTree = "<group>"; };
		9F80CB7AB3A853F34FED9C3A /* Pods_SAAMClient.framework */ = {isa = PBXFileReference; explicitFileType = wrapper.framework; includeInIndex = 0; path = Pods_SAAMClient.framework; sourceTree = BUILT_PRODUCTS_DIR; };
		C640AECB24007833005BAEFE /* LoginViewController.swift */ = {isa = PBXFileReference; lastKnownFileType = sourcecode.swift; path = LoginViewController.swift; sourceTree = "<group>"; };
		C640AECD2400784D005BAEFE /* ProfileViewController.swift */ = {isa = PBXFileReference; lastKnownFileType = sourcecode.swift; path = ProfileViewController.swift; sourceTree = "<group>"; };
		C640AECF24021CDB005BAEFE /* Profile.swift */ = {isa = PBXFileReference; lastKnownFileType = sourcecode.swift; path = Profile.swift; sourceTree = "<group>"; };
		C640AED124022FBC005BAEFE /* GoogleService-Info.plist */ = {isa = PBXFileReference; fileEncoding = 4; lastKnownFileType = text.plist.xml; path = "GoogleService-Info.plist"; sourceTree = "<group>"; };
		C658000F240CCFF200BC7FF9 /* PDFPreviewViewController.swift */ = {isa = PBXFileReference; fileEncoding = 4; lastKnownFileType = sourcecode.swift; path = PDFPreviewViewController.swift; sourceTree = "<group>"; };
		C6580010240CCFF200BC7FF9 /* PDFCreator.swift */ = {isa = PBXFileReference; fileEncoding = 4; lastKnownFileType = sourcecode.swift; path = PDFCreator.swift; sourceTree = "<group>"; };
		C8300CFE241E0226000C5FF7 /* GoBackViewController.swift */ = {isa = PBXFileReference; lastKnownFileType = sourcecode.swift; path = GoBackViewController.swift; sourceTree = "<group>"; };
		C85B143C241F300E00C55C6C /* CollectionViewCell.swift */ = {isa = PBXFileReference; lastKnownFileType = sourcecode.swift; path = CollectionViewCell.swift; sourceTree = "<group>"; };
		C86645FF240B1164006C6BE3 /* ElevenChoicesViewController.swift */ = {isa = PBXFileReference; lastKnownFileType = sourcecode.swift; path = ElevenChoicesViewController.swift; sourceTree = "<group>"; };
		C88BE39524072A8B007E554E /* InitViewController.swift */ = {isa = PBXFileReference; lastKnownFileType = sourcecode.swift; path = InitViewController.swift; sourceTree = "<group>"; };
		C88BE397240759A1007E554E /* QuestionGenerator.swift */ = {isa = PBXFileReference; lastKnownFileType = sourcecode.swift; path = QuestionGenerator.swift; sourceTree = "<group>"; };
		C88BE39924076295007E554E /* MTQuestionViewController.swift */ = {isa = PBXFileReference; lastKnownFileType = sourcecode.swift; path = MTQuestionViewController.swift; sourceTree = "<group>"; };
		C88BE39D240777CF007E554E /* TenChoicesViewController.swift */ = {isa = PBXFileReference; lastKnownFileType = sourcecode.swift; path = TenChoicesViewController.swift; sourceTree = "<group>"; };
		C88BE3A124085A70007E554E /* InputQuestionViewController.swift */ = {isa = PBXFileReference; lastKnownFileType = sourcecode.swift; path = InputQuestionViewController.swift; sourceTree = "<group>"; };
		C88BE3A324088C9E007E554E /* MTSelectionViewController.swift */ = {isa = PBXFileReference; lastKnownFileType = sourcecode.swift; path = MTSelectionViewController.swift; sourceTree = "<group>"; };
		C88BE3A72409F811007E554E /* ResultViewController.swift */ = {isa = PBXFileReference; lastKnownFileType = sourcecode.swift; path = ResultViewController.swift; sourceTree = "<group>"; };
		C8B67B32240D4B1D009CEFA2 /* ReportsIndexViewController.swift */ = {isa = PBXFileReference; lastKnownFileType = sourcecode.swift; path = ReportsIndexViewController.swift; sourceTree = "<group>"; };
		C8B67B34240D5C1C009CEFA2 /* SummaryViewController.swift */ = {isa = PBXFileReference; lastKnownFileType = sourcecode.swift; path = SummaryViewController.swift; sourceTree = "<group>"; };
		C8B744E42400611A00190923 /* SAAMClient.app */ = {isa = PBXFileReference; explicitFileType = wrapper.application; includeInIndex = 0; path = SAAMClient.app; sourceTree = BUILT_PRODUCTS_DIR; };
		C8B744E72400611A00190923 /* AppDelegate.swift */ = {isa = PBXFileReference; lastKnownFileType = sourcecode.swift; path = AppDelegate.swift; sourceTree = "<group>"; };
		C8B744E92400611A00190923 /* SceneDelegate.swift */ = {isa = PBXFileReference; lastKnownFileType = sourcecode.swift; path = SceneDelegate.swift; sourceTree = "<group>"; };
		C8B744EE2400611A00190923 /* Base */ = {isa = PBXFileReference; lastKnownFileType = file.storyboard; name = Base; path = Base.lproj/Main.storyboard; sourceTree = "<group>"; };
		C8B744F02400611B00190923 /* Assets.xcassets */ = {isa = PBXFileReference; lastKnownFileType = folder.assetcatalog; path = Assets.xcassets; sourceTree = "<group>"; };
		C8B744F32400611B00190923 /* Base */ = {isa = PBXFileReference; lastKnownFileType = file.storyboard; name = Base; path = Base.lproj/LaunchScreen.storyboard; sourceTree = "<group>"; };
		C8B744F52400611B00190923 /* Info.plist */ = {isa = PBXFileReference; lastKnownFileType = text.plist.xml; path = Info.plist; sourceTree = "<group>"; };
		C8B744FA2400611B00190923 /* SAAMClientTests.xctest */ = {isa = PBXFileReference; explicitFileType = wrapper.cfbundle; includeInIndex = 0; path = SAAMClientTests.xctest; sourceTree = BUILT_PRODUCTS_DIR; };
		C8B744FE2400611B00190923 /* SAAMClientTests.swift */ = {isa = PBXFileReference; lastKnownFileType = sourcecode.swift; path = SAAMClientTests.swift; sourceTree = "<group>"; };
		C8B745002400611B00190923 /* Info.plist */ = {isa = PBXFileReference; lastKnownFileType = text.plist.xml; path = Info.plist; sourceTree = "<group>"; };
		C8B745052400611B00190923 /* SAAMClientUITests.xctest */ = {isa = PBXFileReference; explicitFileType = wrapper.cfbundle; includeInIndex = 0; path = SAAMClientUITests.xctest; sourceTree = BUILT_PRODUCTS_DIR; };
		C8B745092400611B00190923 /* SAAMClientUITests.swift */ = {isa = PBXFileReference; lastKnownFileType = sourcecode.swift; path = SAAMClientUITests.swift; sourceTree = "<group>"; };
		C8B7450B2400611B00190923 /* Info.plist */ = {isa = PBXFileReference; lastKnownFileType = text.plist.xml; path = Info.plist; sourceTree = "<group>"; };
/* End PBXFileReference section */

/* Begin PBXFrameworksBuildPhase section */
		C8B744E12400611A00190923 /* Frameworks */ = {
			isa = PBXFrameworksBuildPhase;
			buildActionMask = 2147483647;
			files = (
				45F6453801A8AD6989ED36F1 /* Pods_SAAMClient.framework in Frameworks */,
			);
			runOnlyForDeploymentPostprocessing = 0;
		};
		C8B744F72400611B00190923 /* Frameworks */ = {
			isa = PBXFrameworksBuildPhase;
			buildActionMask = 2147483647;
			files = (
			);
			runOnlyForDeploymentPostprocessing = 0;
		};
		C8B745022400611B00190923 /* Frameworks */ = {
			isa = PBXFrameworksBuildPhase;
			buildActionMask = 2147483647;
			files = (
			);
			runOnlyForDeploymentPostprocessing = 0;
		};
/* End PBXFrameworksBuildPhase section */

/* Begin PBXGroup section */
		156CA7812F4F8CAD03A053DD /* Pods */ = {
			isa = PBXGroup;
			children = (
				31872FC2AD334F3C93901B8F /* Pods-SAAMClient.debug.xcconfig */,
				69BF3C7F581D69826D407E60 /* Pods-SAAMClient.release.xcconfig */,
			);
			path = Pods;
			sourceTree = "<group>";
		};
		377CD38603ACD15919259EB5 /* Frameworks */ = {
			isa = PBXGroup;
			children = (
				9F80CB7AB3A853F34FED9C3A /* Pods_SAAMClient.framework */,
			);
			name = Frameworks;
			sourceTree = "<group>";
		};
		C8B744DB2400611A00190923 = {
			isa = PBXGroup;
			children = (
				C8B744E62400611A00190923 /* SAAMClient */,
				C8B744FD2400611B00190923 /* SAAMClientTests */,
				C8B745082400611B00190923 /* SAAMClientUITests */,
				C8B744E52400611A00190923 /* Products */,
				156CA7812F4F8CAD03A053DD /* Pods */,
				377CD38603ACD15919259EB5 /* Frameworks */,
			);
			sourceTree = "<group>";
		};
		C8B744E52400611A00190923 /* Products */ = {
			isa = PBXGroup;
			children = (
				C8B744E42400611A00190923 /* SAAMClient.app */,
				C8B744FA2400611B00190923 /* SAAMClientTests.xctest */,
				C8B745052400611B00190923 /* SAAMClientUITests.xctest */,
			);
			name = Products;
			sourceTree = "<group>";
		};
		C8B744E62400611A00190923 /* SAAMClient */ = {
			isa = PBXGroup;
			children = (
				C6580010240CCFF200BC7FF9 /* PDFCreator.swift */,
				C658000F240CCFF200BC7FF9 /* PDFPreviewViewController.swift */,
				C8B744E72400611A00190923 /* AppDelegate.swift */,
				C8B744E92400611A00190923 /* SceneDelegate.swift */,
				C8B744ED2400611A00190923 /* Main.storyboard */,
				C8B744F02400611B00190923 /* Assets.xcassets */,
				C8B744F22400611B00190923 /* LaunchScreen.storyboard */,
				C640AED124022FBC005BAEFE /* GoogleService-Info.plist */,
				C8B744F52400611B00190923 /* Info.plist */,
				C640AECB24007833005BAEFE /* LoginViewController.swift */,
				C640AECD2400784D005BAEFE /* ProfileViewController.swift */,
				C640AECF24021CDB005BAEFE /* Profile.swift */,
				C88BE39524072A8B007E554E /* InitViewController.swift */,
				C88BE3A124085A70007E554E /* InputQuestionViewController.swift */,
				C88BE397240759A1007E554E /* QuestionGenerator.swift */,
				C88BE39924076295007E554E /* MTQuestionViewController.swift */,
				C88BE39D240777CF007E554E /* TenChoicesViewController.swift */,
				C88BE3A324088C9E007E554E /* MTSelectionViewController.swift */,
				C88BE3A72409F811007E554E /* ResultViewController.swift */,
				C86645FF240B1164006C6BE3 /* ElevenChoicesViewController.swift */,
				C8B67B32240D4B1D009CEFA2 /* ReportsIndexViewController.swift */,
				C8B67B34240D5C1C009CEFA2 /* SummaryViewController.swift */,
				C8300CFE241E0226000C5FF7 /* GoBackViewController.swift */,
				C85B143C241F300E00C55C6C /* CollectionViewCell.swift */,
			);
			path = SAAMClient;
			sourceTree = "<group>";
		};
		C8B744FD2400611B00190923 /* SAAMClientTests */ = {
			isa = PBXGroup;
			children = (
				C8B744FE2400611B00190923 /* SAAMClientTests.swift */,
				C8B745002400611B00190923 /* Info.plist */,
			);
			path = SAAMClientTests;
			sourceTree = "<group>";
		};
		C8B745082400611B00190923 /* SAAMClientUITests */ = {
			isa = PBXGroup;
			children = (
				C8B745092400611B00190923 /* SAAMClientUITests.swift */,
				C8B7450B2400611B00190923 /* Info.plist */,
			);
			path = SAAMClientUITests;
			sourceTree = "<group>";
		};
/* End PBXGroup section */

/* Begin PBXNativeTarget section */
		C8B744E32400611A00190923 /* SAAMClient */ = {
			isa = PBXNativeTarget;
			buildConfigurationList = C8B7450E2400611B00190923 /* Build configuration list for PBXNativeTarget "SAAMClient" */;
			buildPhases = (
				07C2072D4A7437D248D521FB /* [CP] Check Pods Manifest.lock */,
				C8B744E02400611A00190923 /* Sources */,
				C8B744E12400611A00190923 /* Frameworks */,
				C8B744E22400611A00190923 /* Resources */,
				76A5601FC9F82E5B2EA0F0D1 /* [CP] Embed Pods Frameworks */,
			);
			buildRules = (
			);
			dependencies = (
			);
			name = SAAMClient;
			productName = SAAMClient;
			productReference = C8B744E42400611A00190923 /* SAAMClient.app */;
			productType = "com.apple.product-type.application";
		};
		C8B744F92400611B00190923 /* SAAMClientTests */ = {
			isa = PBXNativeTarget;
			buildConfigurationList = C8B745112400611B00190923 /* Build configuration list for PBXNativeTarget "SAAMClientTests" */;
			buildPhases = (
				C8B744F62400611B00190923 /* Sources */,
				C8B744F72400611B00190923 /* Frameworks */,
				C8B744F82400611B00190923 /* Resources */,
			);
			buildRules = (
			);
			dependencies = (
				C8B744FC2400611B00190923 /* PBXTargetDependency */,
			);
			name = SAAMClientTests;
			productName = SAAMClientTests;
			productReference = C8B744FA2400611B00190923 /* SAAMClientTests.xctest */;
			productType = "com.apple.product-type.bundle.unit-test";
		};
		C8B745042400611B00190923 /* SAAMClientUITests */ = {
			isa = PBXNativeTarget;
			buildConfigurationList = C8B745142400611B00190923 /* Build configuration list for PBXNativeTarget "SAAMClientUITests" */;
			buildPhases = (
				C8B745012400611B00190923 /* Sources */,
				C8B745022400611B00190923 /* Frameworks */,
				C8B745032400611B00190923 /* Resources */,
			);
			buildRules = (
			);
			dependencies = (
				C8B745072400611B00190923 /* PBXTargetDependency */,
			);
			name = SAAMClientUITests;
			productName = SAAMClientUITests;
			productReference = C8B745052400611B00190923 /* SAAMClientUITests.xctest */;
			productType = "com.apple.product-type.bundle.ui-testing";
		};
/* End PBXNativeTarget section */

/* Begin PBXProject section */
		C8B744DC2400611A00190923 /* Project object */ = {
			isa = PBXProject;
			attributes = {
				LastSwiftUpdateCheck = 1130;
				LastUpgradeCheck = 1130;
				ORGANIZATIONNAME = SAAM;
				TargetAttributes = {
					C8B744E32400611A00190923 = {
						CreatedOnToolsVersion = 11.3.1;
					};
					C8B744F92400611B00190923 = {
						CreatedOnToolsVersion = 11.3.1;
						TestTargetID = C8B744E32400611A00190923;
					};
					C8B745042400611B00190923 = {
						CreatedOnToolsVersion = 11.3.1;
						TestTargetID = C8B744E32400611A00190923;
					};
				};
			};
			buildConfigurationList = C8B744DF2400611A00190923 /* Build configuration list for PBXProject "SAAMClient" */;
			compatibilityVersion = "Xcode 9.3";
			developmentRegion = en;
			hasScannedForEncodings = 0;
			knownRegions = (
				en,
				Base,
			);
			mainGroup = C8B744DB2400611A00190923;
			productRefGroup = C8B744E52400611A00190923 /* Products */;
			projectDirPath = "";
			projectRoot = "";
			targets = (
				C8B744E32400611A00190923 /* SAAMClient */,
				C8B744F92400611B00190923 /* SAAMClientTests */,
				C8B745042400611B00190923 /* SAAMClientUITests */,
			);
		};
/* End PBXProject section */

/* Begin PBXResourcesBuildPhase section */
		C8B744E22400611A00190923 /* Resources */ = {
			isa = PBXResourcesBuildPhase;
			buildActionMask = 2147483647;
			files = (
				C8B744F42400611B00190923 /* LaunchScreen.storyboard in Resources */,
				C640AED224022FBC005BAEFE /* GoogleService-Info.plist in Resources */,
				C8B744F12400611B00190923 /* Assets.xcassets in Resources */,
				C8B744EF2400611A00190923 /* Main.storyboard in Resources */,
			);
			runOnlyForDeploymentPostprocessing = 0;
		};
		C8B744F82400611B00190923 /* Resources */ = {
			isa = PBXResourcesBuildPhase;
			buildActionMask = 2147483647;
			files = (
				C640AED324022FBC005BAEFE /* GoogleService-Info.plist in Resources */,
			);
			runOnlyForDeploymentPostprocessing = 0;
		};
		C8B745032400611B00190923 /* Resources */ = {
			isa = PBXResourcesBuildPhase;
			buildActionMask = 2147483647;
			files = (
				C640AED424022FBC005BAEFE /* GoogleService-Info.plist in Resources */,
			);
			runOnlyForDeploymentPostprocessing = 0;
		};
/* End PBXResourcesBuildPhase section */

/* Begin PBXShellScriptBuildPhase section */
		07C2072D4A7437D248D521FB /* [CP] Check Pods Manifest.lock */ = {
			isa = PBXShellScriptBuildPhase;
			buildActionMask = 2147483647;
			files = (
			);
			inputFileListPaths = (
			);
			inputPaths = (
				"${PODS_PODFILE_DIR_PATH}/Podfile.lock",
				"${PODS_ROOT}/Manifest.lock",
			);
			name = "[CP] Check Pods Manifest.lock";
			outputFileListPaths = (
			);
			outputPaths = (
				"$(DERIVED_FILE_DIR)/Pods-SAAMClient-checkManifestLockResult.txt",
			);
			runOnlyForDeploymentPostprocessing = 0;
			shellPath = /bin/sh;
			shellScript = "diff \"${PODS_PODFILE_DIR_PATH}/Podfile.lock\" \"${PODS_ROOT}/Manifest.lock\" > /dev/null\nif [ $? != 0 ] ; then\n    # print error to STDERR\n    echo \"error: The sandbox is not in sync with the Podfile.lock. Run 'pod install' or update your CocoaPods installation.\" >&2\n    exit 1\nfi\n# This output is used by Xcode 'outputs' to avoid re-running this script phase.\necho \"SUCCESS\" > \"${SCRIPT_OUTPUT_FILE_0}\"\n";
			showEnvVarsInLog = 0;
		};
		76A5601FC9F82E5B2EA0F0D1 /* [CP] Embed Pods Frameworks */ = {
			isa = PBXShellScriptBuildPhase;
			buildActionMask = 2147483647;
			files = (
			);
			inputFileListPaths = (
				"${PODS_ROOT}/Target Support Files/Pods-SAAMClient/Pods-SAAMClient-frameworks-${CONFIGURATION}-input-files.xcfilelist",
			);
			name = "[CP] Embed Pods Frameworks";
			outputFileListPaths = (
				"${PODS_ROOT}/Target Support Files/Pods-SAAMClient/Pods-SAAMClient-frameworks-${CONFIGURATION}-output-files.xcfilelist",
			);
			runOnlyForDeploymentPostprocessing = 0;
			shellPath = /bin/sh;
			shellScript = "\"${PODS_ROOT}/Target Support Files/Pods-SAAMClient/Pods-SAAMClient-frameworks.sh\"\n";
			showEnvVarsInLog = 0;
		};
/* End PBXShellScriptBuildPhase section */

/* Begin PBXSourcesBuildPhase section */
		C8B744E02400611A00190923 /* Sources */ = {
			isa = PBXSourcesBuildPhase;
			buildActionMask = 2147483647;
			files = (
				C88BE3A82409F811007E554E /* ResultViewController.swift in Sources */,
				C88BE3A224085A70007E554E /* InputQuestionViewController.swift in Sources */,
				C640AECC24007833005BAEFE /* LoginViewController.swift in Sources */,
				C88BE398240759A1007E554E /* QuestionGenerator.swift in Sources */,
				C8664600240B1164006C6BE3 /* ElevenChoicesViewController.swift in Sources */,
				C6580012240CCFF200BC7FF9 /* PDFCreator.swift in Sources */,
				C8B67B35240D5C1C009CEFA2 /* SummaryViewController.swift in Sources */,
				C88BE39624072A8B007E554E /* InitViewController.swift in Sources */,
				C88BE39A24076295007E554E /* MTQuestionViewController.swift in Sources */,
				C640AED024021CDB005BAEFE /* Profile.swift in Sources */,
				C85B143D241F300E00C55C6C /* CollectionViewCell.swift in Sources */,
				C88BE39E240777CF007E554E /* TenChoicesViewController.swift in Sources */,
				C8300CFF241E0226000C5FF7 /* GoBackViewController.swift in Sources */,
				C88BE3A424088C9E007E554E /* MTSelectionViewController.swift in Sources */,
				C640AECE2400784D005BAEFE /* ProfileViewController.swift in Sources */,
				C8B744E82400611A00190923 /* AppDelegate.swift in Sources */,
				C8B744EA2400611A00190923 /* SceneDelegate.swift in Sources */,
				C8B67B33240D4B1D009CEFA2 /* ReportsIndexViewController.swift in Sources */,
				C6580011240CCFF200BC7FF9 /* PDFPreviewViewController.swift in Sources */,
			);
			runOnlyForDeploymentPostprocessing = 0;
		};
		C8B744F62400611B00190923 /* Sources */ = {
			isa = PBXSourcesBuildPhase;
			buildActionMask = 2147483647;
			files = (
				C8B744FF2400611B00190923 /* SAAMClientTests.swift in Sources */,
			);
			runOnlyForDeploymentPostprocessing = 0;
		};
		C8B745012400611B00190923 /* Sources */ = {
			isa = PBXSourcesBuildPhase;
			buildActionMask = 2147483647;
			files = (
				C8B7450A2400611B00190923 /* SAAMClientUITests.swift in Sources */,
			);
			runOnlyForDeploymentPostprocessing = 0;
		};
/* End PBXSourcesBuildPhase section */

/* Begin PBXTargetDependency section */
		C8B744FC2400611B00190923 /* PBXTargetDependency */ = {
			isa = PBXTargetDependency;
			target = C8B744E32400611A00190923 /* SAAMClient */;
			targetProxy = C8B744FB2400611B00190923 /* PBXContainerItemProxy */;
		};
		C8B745072400611B00190923 /* PBXTargetDependency */ = {
			isa = PBXTargetDependency;
			target = C8B744E32400611A00190923 /* SAAMClient */;
			targetProxy = C8B745062400611B00190923 /* PBXContainerItemProxy */;
		};
/* End PBXTargetDependency section */

/* Begin PBXVariantGroup section */
		C8B744ED2400611A00190923 /* Main.storyboard */ = {
			isa = PBXVariantGroup;
			children = (
				C8B744EE2400611A00190923 /* Base */,
			);
			name = Main.storyboard;
			sourceTree = "<group>";
		};
		C8B744F22400611B00190923 /* LaunchScreen.storyboard */ = {
			isa = PBXVariantGroup;
			children = (
				C8B744F32400611B00190923 /* Base */,
			);
			name = LaunchScreen.storyboard;
			sourceTree = "<group>";
		};
/* End PBXVariantGroup section */

/* Begin XCBuildConfiguration section */
		C8B7450C2400611B00190923 /* Debug */ = {
			isa = XCBuildConfiguration;
			buildSettings = {
				ALWAYS_SEARCH_USER_PATHS = NO;
				CLANG_ANALYZER_NONNULL = YES;
				CLANG_ANALYZER_NUMBER_OBJECT_CONVERSION = YES_AGGRESSIVE;
				CLANG_CXX_LANGUAGE_STANDARD = "gnu++14";
				CLANG_CXX_LIBRARY = "libc++";
				CLANG_ENABLE_MODULES = YES;
				CLANG_ENABLE_OBJC_ARC = YES;
				CLANG_ENABLE_OBJC_WEAK = YES;
				CLANG_WARN_BLOCK_CAPTURE_AUTORELEASING = YES;
				CLANG_WARN_BOOL_CONVERSION = YES;
				CLANG_WARN_COMMA = YES;
				CLANG_WARN_CONSTANT_CONVERSION = YES;
				CLANG_WARN_DEPRECATED_OBJC_IMPLEMENTATIONS = YES;
				CLANG_WARN_DIRECT_OBJC_ISA_USAGE = YES_ERROR;
				CLANG_WARN_DOCUMENTATION_COMMENTS = YES;
				CLANG_WARN_EMPTY_BODY = YES;
				CLANG_WARN_ENUM_CONVERSION = YES;
				CLANG_WARN_INFINITE_RECURSION = YES;
				CLANG_WARN_INT_CONVERSION = YES;
				CLANG_WARN_NON_LITERAL_NULL_CONVERSION = YES;
				CLANG_WARN_OBJC_IMPLICIT_RETAIN_SELF = YES;
				CLANG_WARN_OBJC_LITERAL_CONVERSION = YES;
				CLANG_WARN_OBJC_ROOT_CLASS = YES_ERROR;
				CLANG_WARN_RANGE_LOOP_ANALYSIS = YES;
				CLANG_WARN_STRICT_PROTOTYPES = YES;
				CLANG_WARN_SUSPICIOUS_MOVE = YES;
				CLANG_WARN_UNGUARDED_AVAILABILITY = YES_AGGRESSIVE;
				CLANG_WARN_UNREACHABLE_CODE = YES;
				CLANG_WARN__DUPLICATE_METHOD_MATCH = YES;
				COPY_PHASE_STRIP = NO;
				DEBUG_INFORMATION_FORMAT = dwarf;
				ENABLE_STRICT_OBJC_MSGSEND = YES;
				ENABLE_TESTABILITY = YES;
				GCC_C_LANGUAGE_STANDARD = gnu11;
				GCC_DYNAMIC_NO_PIC = NO;
				GCC_NO_COMMON_BLOCKS = YES;
				GCC_OPTIMIZATION_LEVEL = 0;
				GCC_PREPROCESSOR_DEFINITIONS = (
					"DEBUG=1",
					"$(inherited)",
				);
				GCC_WARN_64_TO_32_BIT_CONVERSION = YES;
				GCC_WARN_ABOUT_RETURN_TYPE = YES_ERROR;
				GCC_WARN_UNDECLARED_SELECTOR = YES;
				GCC_WARN_UNINITIALIZED_AUTOS = YES_AGGRESSIVE;
				GCC_WARN_UNUSED_FUNCTION = YES;
				GCC_WARN_UNUSED_VARIABLE = YES;
				IPHONEOS_DEPLOYMENT_TARGET = 13.2;
				MTL_ENABLE_DEBUG_INFO = INCLUDE_SOURCE;
				MTL_FAST_MATH = YES;
				ONLY_ACTIVE_ARCH = YES;
				SDKROOT = iphoneos;
				SWIFT_ACTIVE_COMPILATION_CONDITIONS = DEBUG;
				SWIFT_OPTIMIZATION_LEVEL = "-Onone";
			};
			name = Debug;
		};
		C8B7450D2400611B00190923 /* Release */ = {
			isa = XCBuildConfiguration;
			buildSettings = {
				ALWAYS_SEARCH_USER_PATHS = NO;
				CLANG_ANALYZER_NONNULL = YES;
				CLANG_ANALYZER_NUMBER_OBJECT_CONVERSION = YES_AGGRESSIVE;
				CLANG_CXX_LANGUAGE_STANDARD = "gnu++14";
				CLANG_CXX_LIBRARY = "libc++";
				CLANG_ENABLE_MODULES = YES;
				CLANG_ENABLE_OBJC_ARC = YES;
				CLANG_ENABLE_OBJC_WEAK = YES;
				CLANG_WARN_BLOCK_CAPTURE_AUTORELEASING = YES;
				CLANG_WARN_BOOL_CONVERSION = YES;
				CLANG_WARN_COMMA = YES;
				CLANG_WARN_CONSTANT_CONVERSION = YES;
				CLANG_WARN_DEPRECATED_OBJC_IMPLEMENTATIONS = YES;
				CLANG_WARN_DIRECT_OBJC_ISA_USAGE = YES_ERROR;
				CLANG_WARN_DOCUMENTATION_COMMENTS = YES;
				CLANG_WARN_EMPTY_BODY = YES;
				CLANG_WARN_ENUM_CONVERSION = YES;
				CLANG_WARN_INFINITE_RECURSION = YES;
				CLANG_WARN_INT_CONVERSION = YES;
				CLANG_WARN_NON_LITERAL_NULL_CONVERSION = YES;
				CLANG_WARN_OBJC_IMPLICIT_RETAIN_SELF = YES;
				CLANG_WARN_OBJC_LITERAL_CONVERSION = YES;
				CLANG_WARN_OBJC_ROOT_CLASS = YES_ERROR;
				CLANG_WARN_RANGE_LOOP_ANALYSIS = YES;
				CLANG_WARN_STRICT_PROTOTYPES = YES;
				CLANG_WARN_SUSPICIOUS_MOVE = YES;
				CLANG_WARN_UNGUARDED_AVAILABILITY = YES_AGGRESSIVE;
				CLANG_WARN_UNREACHABLE_CODE = YES;
				CLANG_WARN__DUPLICATE_METHOD_MATCH = YES;
				COPY_PHASE_STRIP = NO;
				DEBUG_INFORMATION_FORMAT = "dwarf-with-dsym";
				ENABLE_NS_ASSERTIONS = NO;
				ENABLE_STRICT_OBJC_MSGSEND = YES;
				GCC_C_LANGUAGE_STANDARD = gnu11;
				GCC_NO_COMMON_BLOCKS = YES;
				GCC_WARN_64_TO_32_BIT_CONVERSION = YES;
				GCC_WARN_ABOUT_RETURN_TYPE = YES_ERROR;
				GCC_WARN_UNDECLARED_SELECTOR = YES;
				GCC_WARN_UNINITIALIZED_AUTOS = YES_AGGRESSIVE;
				GCC_WARN_UNUSED_FUNCTION = YES;
				GCC_WARN_UNUSED_VARIABLE = YES;
				IPHONEOS_DEPLOYMENT_TARGET = 13.2;
				MTL_ENABLE_DEBUG_INFO = NO;
				MTL_FAST_MATH = YES;
				SDKROOT = iphoneos;
				SWIFT_COMPILATION_MODE = wholemodule;
				SWIFT_OPTIMIZATION_LEVEL = "-O";
				VALIDATE_PRODUCT = YES;
			};
			name = Release;
		};
		C8B7450F2400611B00190923 /* Debug */ = {
			isa = XCBuildConfiguration;
			baseConfigurationReference = 31872FC2AD334F3C93901B8F /* Pods-SAAMClient.debug.xcconfig */;
			buildSettings = {
				ASSETCATALOG_COMPILER_APPICON_NAME = AppIcon;
				CODE_SIGN_STYLE = Automatic;
				DEVELOPMENT_TEAM = TAW39T2S6U;
				INFOPLIST_FILE = SAAMClient/Info.plist;
				IPHONEOS_DEPLOYMENT_TARGET = 13.2;
				LD_RUNPATH_SEARCH_PATHS = (
					"$(inherited)",
					"@executable_path/Frameworks",
				);
				PRODUCT_BUNDLE_IDENTIFIER = JFSAAMhh.SAAMClient;
				PRODUCT_NAME = "$(TARGET_NAME)";
				SWIFT_VERSION = 5.0;
				TARGETED_DEVICE_FAMILY = "1,2";
			};
			name = Debug;
		};
		C8B745102400611B00190923 /* Release */ = {
			isa = XCBuildConfiguration;
			baseConfigurationReference = 69BF3C7F581D69826D407E60 /* Pods-SAAMClient.release.xcconfig */;
			buildSettings = {
				ASSETCATALOG_COMPILER_APPICON_NAME = AppIcon;
				CODE_SIGN_STYLE = Automatic;
				DEVELOPMENT_TEAM = TAW39T2S6U;
				INFOPLIST_FILE = SAAMClient/Info.plist;
				IPHONEOS_DEPLOYMENT_TARGET = 13.2;
				LD_RUNPATH_SEARCH_PATHS = (
					"$(inherited)",
					"@executable_path/Frameworks",
				);
				PRODUCT_BUNDLE_IDENTIFIER = JFSAAMhh.SAAMClient;
				PRODUCT_NAME = "$(TARGET_NAME)";
				SWIFT_VERSION = 5.0;
				TARGETED_DEVICE_FAMILY = "1,2";
			};
			name = Release;
		};
		C8B745122400611B00190923 /* Debug */ = {
			isa = XCBuildConfiguration;
			buildSettings = {
				ALWAYS_EMBED_SWIFT_STANDARD_LIBRARIES = YES;
				BUNDLE_LOADER = "$(TEST_HOST)";
				CODE_SIGN_STYLE = Automatic;
				DEVELOPMENT_TEAM = 4464TB84V4;
				INFOPLIST_FILE = SAAMClientTests/Info.plist;
				IPHONEOS_DEPLOYMENT_TARGET = 13.2;
				LD_RUNPATH_SEARCH_PATHS = (
					"$(inherited)",
					"@executable_path/Frameworks",
					"@loader_path/Frameworks",
				);
				PRODUCT_BUNDLE_IDENTIFIER = SAAM.SAAMClientTests;
				PRODUCT_NAME = "$(TARGET_NAME)";
				SWIFT_VERSION = 5.0;
				TARGETED_DEVICE_FAMILY = "1,2";
				TEST_HOST = "$(BUILT_PRODUCTS_DIR)/SAAMClient.app/SAAMClient";
			};
			name = Debug;
		};
		C8B745132400611B00190923 /* Release */ = {
			isa = XCBuildConfiguration;
			buildSettings = {
				ALWAYS_EMBED_SWIFT_STANDARD_LIBRARIES = YES;
				BUNDLE_LOADER = "$(TEST_HOST)";
				CODE_SIGN_STYLE = Automatic;
				DEVELOPMENT_TEAM = 4464TB84V4;
				INFOPLIST_FILE = SAAMClientTests/Info.plist;
				IPHONEOS_DEPLOYMENT_TARGET = 13.2;
				LD_RUNPATH_SEARCH_PATHS = (
					"$(inherited)",
					"@executable_path/Frameworks",
					"@loader_path/Frameworks",
				);
				PRODUCT_BUNDLE_IDENTIFIER = SAAM.SAAMClientTests;
				PRODUCT_NAME = "$(TARGET_NAME)";
				SWIFT_VERSION = 5.0;
				TARGETED_DEVICE_FAMILY = "1,2";
				TEST_HOST = "$(BUILT_PRODUCTS_DIR)/SAAMClient.app/SAAMClient";
			};
			name = Release;
		};
		C8B745152400611B00190923 /* Debug */ = {
			isa = XCBuildConfiguration;
			buildSettings = {
				ALWAYS_EMBED_SWIFT_STANDARD_LIBRARIES = YES;
				CODE_SIGN_STYLE = Automatic;
				DEVELOPMENT_TEAM = 4464TB84V4;
				INFOPLIST_FILE = SAAMClientUITests/Info.plist;
				LD_RUNPATH_SEARCH_PATHS = (
					"$(inherited)",
					"@executable_path/Frameworks",
					"@loader_path/Frameworks",
				);
				PRODUCT_BUNDLE_IDENTIFIER = SAAM.SAAMClientUITests;
				PRODUCT_NAME = "$(TARGET_NAME)";
				SWIFT_VERSION = 5.0;
				TARGETED_DEVICE_FAMILY = "1,2";
				TEST_TARGET_NAME = SAAMClient;
			};
			name = Debug;
		};
		C8B745162400611B00190923 /* Release */ = {
			isa = XCBuildConfiguration;
			buildSettings = {
				ALWAYS_EMBED_SWIFT_STANDARD_LIBRARIES = YES;
				CODE_SIGN_STYLE = Automatic;
				DEVELOPMENT_TEAM = 4464TB84V4;
				INFOPLIST_FILE = SAAMClientUITests/Info.plist;
				LD_RUNPATH_SEARCH_PATHS = (
					"$(inherited)",
					"@executable_path/Frameworks",
					"@loader_path/Frameworks",
				);
				PRODUCT_BUNDLE_IDENTIFIER = SAAM.SAAMClientUITests;
				PRODUCT_NAME = "$(TARGET_NAME)";
				SWIFT_VERSION = 5.0;
				TARGETED_DEVICE_FAMILY = "1,2";
				TEST_TARGET_NAME = SAAMClient;
			};
			name = Release;
		};
/* End XCBuildConfiguration section */

/* Begin XCConfigurationList section */
		C8B744DF2400611A00190923 /* Build configuration list for PBXProject "SAAMClient" */ = {
			isa = XCConfigurationList;
			buildConfigurations = (
				C8B7450C2400611B00190923 /* Debug */,
				C8B7450D2400611B00190923 /* Release */,
			);
			defaultConfigurationIsVisible = 0;
			defaultConfigurationName = Release;
		};
		C8B7450E2400611B00190923 /* Build configuration list for PBXNativeTarget "SAAMClient" */ = {
			isa = XCConfigurationList;
			buildConfigurations = (
				C8B7450F2400611B00190923 /* Debug */,
				C8B745102400611B00190923 /* Release */,
			);
			defaultConfigurationIsVisible = 0;
			defaultConfigurationName = Release;
		};
		C8B745112400611B00190923 /* Build configuration list for PBXNativeTarget "SAAMClientTests" */ = {
			isa = XCConfigurationList;
			buildConfigurations = (
				C8B745122400611B00190923 /* Debug */,
				C8B745132400611B00190923 /* Release */,
			);
			defaultConfigurationIsVisible = 0;
			defaultConfigurationName = Release;
		};
		C8B745142400611B00190923 /* Build configuration list for PBXNativeTarget "SAAMClientUITests" */ = {
			isa = XCConfigurationList;
			buildConfigurations = (
				C8B745152400611B00190923 /* Debug */,
				C8B745162400611B00190923 /* Release */,
			);
			defaultConfigurationIsVisible = 0;
			defaultConfigurationName = Release;
		};
/* End XCConfigurationList section */
	};
	rootObject = C8B744DC2400611A00190923 /* Project object */;
}
